github.com/aws/aws-sdk-go-v2 v1.23.1 h1:qXaFsOOMA+HsZtX8WoCa+gJnbyW7qyFFBlPqvTSzbaI=
github.com/aws/aws-sdk-go-v2 v1.23.1/go.mod h1:i1XDttT4rnf6vxc9AuskLc6s7XBee8rlLilKlc03uAA=
github.com/aws/aws-sdk-go-v2/config v1.25.3 h1:E4m9LbwJOoncDNt3e9MPLbz/saxWcGUlZVBydydD6+8=
github.com/aws/aws-sdk-go-v2/config v1.25.3/go.mod h1:tAByZy03nH5jcq0vZmkcVoo6tRzRHEwSFx3QW4NmDw8=
github.com/aws/aws-sdk-go-v2/credentials v1.16.2 h1:0sdZ5cwfOAipTzZ7eOL0gw4LAhk/RZnTa16cDqIt8tg=
github.com/aws/aws-sdk-go-v2/credentials v1.16.2/go.mod h1:sDdvGhXrSVT5yzBDR7qXz+rhbpiMpUYfF3vJ01QSdrc=
github.com/aws/aws-sdk-go-v2/feature/ec2/imds v1.14.4 h1:9wKDWEjwSnXZre0/O3+ZwbBl1SmlgWYBbrTV10X/H1s=
github.com/aws/aws-sdk-go-v2/feature/ec2/imds v1.14.4/go.mod h1:t4i+yGHMCcUNIX1x7YVYa6bH/Do7civ5I6cG/6PMfyA=
github.com/aws/aws-sdk-go-v2/internal/configsources v1.2.4 h1:LAm3Ycm9HJfbSCd5I+wqC2S9Ej7FPrgr5CQoOljJZcE=
github.com/aws/aws-sdk-go-v2/internal/configsources v1.2.4/go.mod h1:xEhvbJcyUf/31yfGSQBe01fukXwXJ0gxDp7rLfymWE0=
github.com/aws/aws-sdk-go-v2/internal/endpoints/v2 v2.5.4 h1:4GV0kKZzUxiWxSVpn/9gwR0g21NF1Jsyduzo9rHgC/Q=
github.com/aws/aws-sdk-go-v2/internal/endpoints/v2 v2.5.4/go.mod h1:dYvTNAggxDZy6y1AF7YDwXsPuHFy/VNEpEI/2dWK9IU=
github.com/aws/aws-sdk-go-v2/internal/ini v1.7.1 h1:uR9lXYjdPX0xY+NhvaJ4dD8rpSRz5VY81ccIIoNG+lw=
github.com/aws/aws-sdk-go-v2/internal/ini v1.7.1/go.mod h1:6fQQgfuGmw8Al/3M2IgIllycxV7ZW7WCdVSqfBeUiCY=
github.com/aws/aws-sdk-go-v2/service/internal/accept-encoding v1.10.1 h1:rpkF4n0CyFcrJUG/rNNohoTmhtWlFTRI4BsZOh9PvLs=
github.com/aws/aws-sdk-go-v2/service/internal/accept-encoding v1.10.1/go.mod h1:l9ymW25HOqymeU2m1gbUQ3rUIsTwKs8gYHXkqDQUhiI=
github.com/aws/aws-sdk-go-v2/service/internal/presigned-url v1.10.3 h1:kJOolE8xBAD13xTCgOakByZkyP4D/owNmvEiioeUNAg=
github.com/aws/aws-sdk-go-v2/service/internal/presigned-url v1.10.3/go.mod h1:Owv1I59vaghv1Ax8zz8ELY8DN7/Y0rGS+WWAmjgi950=
github.com/aws/aws-sdk-go-v2/service/sso v1.17.2 h1:V47N5eKgVZoRSvx2+RQ0EpAEit/pqOhqeSQFiS4OFEQ=
github.com/aws/aws-sdk-go-v2/service/sso v1.17.2/go.mod h1:/pE21vno3q1h4bbhUOEi+6Zu/aT26UK2WKkDXd+TssQ=
github.com/aws/aws-sdk-go-v2/service/ssooidc v1.20.1 h1:cbRqFTVnJV+KRpwFl76GJdIZJKKCdTPnjUZ7uWh3pIU=
github.com/aws/aws-sdk-go-v2/service/ssooidc v1.20.1/go.mod h1:hHL974p5auvXlZPIjJTblXJpbkfK4klBczlsEaMCGVY=
github.com/aws/aws-sdk-go-v2/service/sts v1.25.3 h1:M2w4kiMGJCCM6Ljmmx/l6mmpfa3gPJVpBencfnsgvqs=
github.com/aws/aws-sdk-go-v2/service/sts v1.25.3/go.mod h1:4EqRHDCKP78hq3zOnmFXu5k0j4bXbRFfCh/zQ6KnEfQ=
github.com/aws/smithy-go v1.17.0 h1:wWJD7LX6PBV6etBUwO0zElG0nWN9rUhp0WdYeHSHAaI=
github.com/aws/smithy-go v1.17.0/go.mod h1:NukqUGpCZIILqqiV0NIjeFh24kd/FAa4beRb6nbIUPE=
github.com/google/go-cmp v0.5.8 h1:e6P7q2lk1O+qJJb4BtCQXlK8vWEO8V1ZeuEdJNOqZyg=
github.com/pkg/browser v0.0.0-20210911075715-681adbf594b8 h1:KoWmjvw+nsYOo29YJK9vDA65RGE3NrOnUtO7a+RF9HU=
github.com/pkg/browser v0.0.0-20210911075715-681adbf594b8/go.mod h1:HKlIX3XHQyzLZPlr7++PzdhaXEj94dEiJgZDTsxEqUI=
golang.org/x/sys v0.0.0-20210616045830-e2b7044e8c71/go.mod h1:oPkhp1MJrh7nUepCBck5+mAzfO9JrbApNNgaTdGDITg=
golang.org/x/sys v0.1.0 h1:kunALQeHf1/185U1i0GOB/fy1IPRDDpuoOOqRReG57U=
golang.org/x/sys v0.1.0/go.mod h1:oPkhp1MJrh7nUepCBck5+mAzfO9JrbApNNgaTdGDITg=
